// !$*UTF8*$!
{
	archiveVersion = 1;
	classes = {
	};
	objectVersion = 50;
	objects = {

/* Begin PBXBuildFile section */
		3A633A632404D479001949D8 /* AppDelegate.swift in Sources */ = {isa = PBXBuildFile; fileRef = 3A633A622404D479001949D8 /* AppDelegate.swift */; };
		3A633A652404D479001949D8 /* SceneDelegate.swift in Sources */ = {isa = PBXBuildFile; fileRef = 3A633A642404D479001949D8 /* SceneDelegate.swift */; };
		3A633A6A2404D479001949D8 /* Main.storyboard in Resources */ = {isa = PBXBuildFile; fileRef = 3A633A682404D479001949D8 /* Main.storyboard */; };
		3A633A6C2404D47B001949D8 /* Assets.xcassets in Resources */ = {isa = PBXBuildFile; fileRef = 3A633A6B2404D47B001949D8 /* Assets.xcassets */; };
		3A633A6F2404D47B001949D8 /* LaunchScreen.storyboard in Resources */ = {isa = PBXBuildFile; fileRef = 3A633A6D2404D47B001949D8 /* LaunchScreen.storyboard */; };
		3A633A7C2405FEAE001949D8 /* MoodPickerViewController.swift in Sources */ = {isa = PBXBuildFile; fileRef = 3A633A7B2405FEAE001949D8 /* MoodPickerViewController.swift */; };
		3A633A7E2405FEC6001949D8 /* QuoteViewController.swift in Sources */ = {isa = PBXBuildFile; fileRef = 3A633A7D2405FEC6001949D8 /* QuoteViewController.swift */; };
		3A633A802405FED5001949D8 /* CommentViewController.swift in Sources */ = {isa = PBXBuildFile; fileRef = 3A633A7F2405FED5001949D8 /* CommentViewController.swift */; };
		3A633A822405FEEC001949D8 /* MoodTableViewController.swift in Sources */ = {isa = PBXBuildFile; fileRef = 3A633A812405FEEC001949D8 /* MoodTableViewController.swift */; };
		3A633A842405FF01001949D8 /* MoodTableViewCell.swift in Sources */ = {isa = PBXBuildFile; fileRef = 3A633A832405FF01001949D8 /* MoodTableViewCell.swift */; };
		3AB187D7240620C300004A1F /* Mood.swift in Sources */ = {isa = PBXBuildFile; fileRef = 3AB187D6240620C300004A1F /* Mood.swift */; };
		AF5840AE2406261500952E73 /* QuotesArray.swift in Sources */ = {isa = PBXBuildFile; fileRef = AF5840AD2406261500952E73 /* QuotesArray.swift */; };
		AF5840B02406278500952E73 /* MoodModelController.swift in Sources */ = {isa = PBXBuildFile; fileRef = AF5840AF2406278500952E73 /* MoodModelController.swift */; };
		C978F60724076D9D0079DF6D /* Colors.swift in Sources */ = {isa = PBXBuildFile; fileRef = C978F60624076D9D0079DF6D /* Colors.swift */; };
/* End PBXBuildFile section */

/* Begin PBXFileReference section */
		3A633A5F2404D479001949D8 /* MoodTracker.app */ = {isa = PBXFileReference; explicitFileType = wrapper.application; includeInIndex = 0; path = MoodTracker.app; sourceTree = BUILT_PRODUCTS_DIR; };
		3A633A622404D479001949D8 /* AppDelegate.swift */ = {isa = PBXFileReference; lastKnownFileType = sourcecode.swift; path = AppDelegate.swift; sourceTree = "<group>"; };
		3A633A642404D479001949D8 /* SceneDelegate.swift */ = {isa = PBXFileReference; lastKnownFileType = sourcecode.swift; path = SceneDelegate.swift; sourceTree = "<group>"; };
		3A633A692404D479001949D8 /* Base */ = {isa = PBXFileReference; lastKnownFileType = file.storyboard; name = Base; path = Base.lproj/Main.storyboard; sourceTree = "<group>"; };
		3A633A6B2404D47B001949D8 /* Assets.xcassets */ = {isa = PBXFileReference; lastKnownFileType = folder.assetcatalog; path = Assets.xcassets; sourceTree = "<group>"; };
		3A633A6E2404D47B001949D8 /* Base */ = {isa = PBXFileReference; lastKnownFileType = file.storyboard; name = Base; path = Base.lproj/LaunchScreen.storyboard; sourceTree = "<group>"; };
		3A633A702404D47B001949D8 /* Info.plist */ = {isa = PBXFileReference; lastKnownFileType = text.plist.xml; path = Info.plist; sourceTree = "<group>"; };
		3A633A7B2405FEAE001949D8 /* MoodPickerViewController.swift */ = {isa = PBXFileReference; lastKnownFileType = sourcecode.swift; path = MoodPickerViewController.swift; sourceTree = "<group>"; };
		3A633A7D2405FEC6001949D8 /* QuoteViewController.swift */ = {isa = PBXFileReference; lastKnownFileType = sourcecode.swift; path = QuoteViewController.swift; sourceTree = "<group>"; };
		3A633A7F2405FED5001949D8 /* CommentViewController.swift */ = {isa = PBXFileReference; lastKnownFileType = sourcecode.swift; path = CommentViewController.swift; sourceTree = "<group>"; };
		3A633A812405FEEC001949D8 /* MoodTableViewController.swift */ = {isa = PBXFileReference; lastKnownFileType = sourcecode.swift; path = MoodTableViewController.swift; sourceTree = "<group>"; };
		3A633A832405FF01001949D8 /* MoodTableViewCell.swift */ = {isa = PBXFileReference; lastKnownFileType = sourcecode.swift; path = MoodTableViewCell.swift; sourceTree = "<group>"; };
		3AB187D6240620C300004A1F /* Mood.swift */ = {isa = PBXFileReference; lastKnownFileType = sourcecode.swift; path = Mood.swift; sourceTree = "<group>"; };
		AF5840AD2406261500952E73 /* QuotesArray.swift */ = {isa = PBXFileReference; lastKnownFileType = sourcecode.swift; path = QuotesArray.swift; sourceTree = "<group>"; };
		AF5840AF2406278500952E73 /* MoodModelController.swift */ = {isa = PBXFileReference; lastKnownFileType = sourcecode.swift; name = MoodModelController.swift; path = MoodTracker/Model/MoodModelController.swift; sourceTree = SOURCE_ROOT; };
		C978F60624076D9D0079DF6D /* Colors.swift */ = {isa = PBXFileReference; lastKnownFileType = sourcecode.swift; path = Colors.swift; sourceTree = "<group>"; };
/* End PBXFileReference section */

/* Begin PBXFrameworksBuildPhase section */
		3A633A5C2404D479001949D8 /* Frameworks */ = {
			isa = PBXFrameworksBuildPhase;
			buildActionMask = 2147483647;
			files = (
			);
			runOnlyForDeploymentPostprocessing = 0;
		};
/* End PBXFrameworksBuildPhase section */

/* Begin PBXGroup section */
		3A633A562404D479001949D8 = {
			isa = PBXGroup;
			children = (
				3A633A612404D479001949D8 /* MoodTracker */,
				3A633A602404D479001949D8 /* Products */,
			);
			sourceTree = "<group>";
		};
		3A633A602404D479001949D8 /* Products */ = {
			isa = PBXGroup;
			children = (
				3A633A5F2404D479001949D8 /* MoodTracker.app */,
			);
			name = Products;
			sourceTree = "<group>";
		};
		3A633A612404D479001949D8 /* MoodTracker */ = {
			isa = PBXGroup;
			children = (
				3A633A782405FC56001949D8 /* Model */,
				3A633A772405FC4B001949D8 /* View */,
				3A633A762405FC3D001949D8 /* Controller */,
				3A633A7A2405FC73001949D8 /* View Controllers */,
				3A633A792405FC65001949D8 /* Resources */,
				3A633A682404D479001949D8 /* Main.storyboard */,
				3A633A702404D47B001949D8 /* Info.plist */,
			);
			path = MoodTracker;
			sourceTree = "<group>";
		};
		3A633A762405FC3D001949D8 /* Controller */ = {
			isa = PBXGroup;
			children = (
				AF5840AF2406278500952E73 /* MoodModelController.swift */,
			);
			path = Controller;
			sourceTree = "<group>";
		};
		3A633A772405FC4B001949D8 /* View */ = {
			isa = PBXGroup;
			children = (
				3A633A832405FF01001949D8 /* MoodTableViewCell.swift */,
			);
			path = View;
			sourceTree = "<group>";
		};
		3A633A782405FC56001949D8 /* Model */ = {
			isa = PBXGroup;
			children = (
				3AB187D6240620C300004A1F /* Mood.swift */,
				AF5840AD2406261500952E73 /* QuotesArray.swift */,
				C978F60624076D9D0079DF6D /* Colors.swift */,
			);
			path = Model;
			sourceTree = "<group>";
		};
		3A633A792405FC65001949D8 /* Resources */ = {
			isa = PBXGroup;
			children = (
				3A633A622404D479001949D8 /* AppDelegate.swift */,
				3A633A642404D479001949D8 /* SceneDelegate.swift */,
				3A633A6B2404D47B001949D8 /* Assets.xcassets */,
				3A633A6D2404D47B001949D8 /* LaunchScreen.storyboard */,
			);
			path = Resources;
			sourceTree = "<group>";
		};
		3A633A7A2405FC73001949D8 /* View Controllers */ = {
			isa = PBXGroup;
			children = (
				3A633A7B2405FEAE001949D8 /* MoodPickerViewController.swift */,
				3A633A7D2405FEC6001949D8 /* QuoteViewController.swift */,
				3A633A7F2405FED5001949D8 /* CommentViewController.swift */,
				3A633A812405FEEC001949D8 /* MoodTableViewController.swift */,
			);
			path = "View Controllers";
			sourceTree = "<group>";
		};
/* End PBXGroup section */

/* Begin PBXNativeTarget section */
		3A633A5E2404D479001949D8 /* MoodTracker */ = {
			isa = PBXNativeTarget;
			buildConfigurationList = 3A633A732404D47B001949D8 /* Build configuration list for PBXNativeTarget "MoodTracker" */;
			buildPhases = (
				3A633A5B2404D479001949D8 /* Sources */,
				3A633A5C2404D479001949D8 /* Frameworks */,
				3A633A5D2404D479001949D8 /* Resources */,
			);
			buildRules = (
			);
			dependencies = (
			);
			name = MoodTracker;
			productName = MoodTracker;
			productReference = 3A633A5F2404D479001949D8 /* MoodTracker.app */;
			productType = "com.apple.product-type.application";
		};
/* End PBXNativeTarget section */

/* Begin PBXProject section */
		3A633A572404D479001949D8 /* Project object */ = {
			isa = PBXProject;
			attributes = {
				LastSwiftUpdateCheck = 1130;
				LastUpgradeCheck = 1130;
				ORGANIZATIONNAME = thecoderpilot;
				TargetAttributes = {
					3A633A5E2404D479001949D8 = {
						CreatedOnToolsVersion = 11.3.1;
					};
				};
			};
			buildConfigurationList = 3A633A5A2404D479001949D8 /* Build configuration list for PBXProject "MoodTracker" */;
			compatibilityVersion = "Xcode 9.3";
			developmentRegion = en;
			hasScannedForEncodings = 0;
			knownRegions = (
				en,
				Base,
			);
			mainGroup = 3A633A562404D479001949D8;
			productRefGroup = 3A633A602404D479001949D8 /* Products */;
			projectDirPath = "";
			projectRoot = "";
			targets = (
				3A633A5E2404D479001949D8 /* MoodTracker */,
			);
		};
/* End PBXProject section */

/* Begin PBXResourcesBuildPhase section */
		3A633A5D2404D479001949D8 /* Resources */ = {
			isa = PBXResourcesBuildPhase;
			buildActionMask = 2147483647;
			files = (
				3A633A6F2404D47B001949D8 /* LaunchScreen.storyboard in Resources */,
				3A633A6C2404D47B001949D8 /* Assets.xcassets in Resources */,
				3A633A6A2404D479001949D8 /* Main.storyboard in Resources */,
			);
			runOnlyForDeploymentPostprocessing = 0;
		};
/* End PBXResourcesBuildPhase section */

/* Begin PBXSourcesBuildPhase section */
		3A633A5B2404D479001949D8 /* Sources */ = {
			isa = PBXSourcesBuildPhase;
			buildActionMask = 2147483647;
			files = (
				3A633A632404D479001949D8 /* AppDelegate.swift in Sources */,
				C978F60724076D9D0079DF6D /* Colors.swift in Sources */,
				3A633A7C2405FEAE001949D8 /* MoodPickerViewController.swift in Sources */,
				3A633A822405FEEC001949D8 /* MoodTableViewController.swift in Sources */,
				3A633A7E2405FEC6001949D8 /* QuoteViewController.swift in Sources */,
				AF5840B02406278500952E73 /* MoodModelController.swift in Sources */,
				3AB187D7240620C300004A1F /* Mood.swift in Sources */,
				AF5840AE2406261500952E73 /* QuotesArray.swift in Sources */,
				3A633A652404D479001949D8 /* SceneDelegate.swift in Sources */,
				3A633A842405FF01001949D8 /* MoodTableViewCell.swift in Sources */,
				3A633A802405FED5001949D8 /* CommentViewController.swift in Sources */,
			);
			runOnlyForDeploymentPostprocessing = 0;
		};
/* End PBXSourcesBuildPhase section */

/* Begin PBXVariantGroup section */
		3A633A682404D479001949D8 /* Main.storyboard */ = {
			isa = PBXVariantGroup;
			children = (
				3A633A692404D479001949D8 /* Base */,
			);
			name = Main.storyboard;
			sourceTree = "<group>";
		};
		3A633A6D2404D47B001949D8 /* LaunchScreen.storyboard */ = {
			isa = PBXVariantGroup;
			children = (
				3A633A6E2404D47B001949D8 /* Base */,
			);
			name = LaunchScreen.storyboard;
			sourceTree = "<group>";
		};
/* End PBXVariantGroup section */

/* Begin XCBuildConfiguration section */
		3A633A712404D47B001949D8 /* Debug */ = {
			isa = XCBuildConfiguration;
			buildSettings = {
				ALWAYS_SEARCH_USER_PATHS = NO;
				CLANG_ANALYZER_NONNULL = YES;
				CLANG_ANALYZER_NUMBER_OBJECT_CONVERSION = YES_AGGRESSIVE;
				CLANG_CXX_LANGUAGE_STANDARD = "gnu++14";
				CLANG_CXX_LIBRARY = "libc++";
				CLANG_ENABLE_MODULES = YES;
				CLANG_ENABLE_OBJC_ARC = YES;
				CLANG_ENABLE_OBJC_WEAK = YES;
				CLANG_WARN_BLOCK_CAPTURE_AUTORELEASING = YES;
				CLANG_WARN_BOOL_CONVERSION = YES;
				CLANG_WARN_COMMA = YES;
				CLANG_WARN_CONSTANT_CONVERSION = YES;
				CLANG_WARN_DEPRECATED_OBJC_IMPLEMENTATIONS = YES;
				CLANG_WARN_DIRECT_OBJC_ISA_USAGE = YES_ERROR;
				CLANG_WARN_DOCUMENTATION_COMMENTS = YES;
				CLANG_WARN_EMPTY_BODY = YES;
				CLANG_WARN_ENUM_CONVERSION = YES;
				CLANG_WARN_INFINITE_RECURSION = YES;
				CLANG_WARN_INT_CONVERSION = YES;
				CLANG_WARN_NON_LITERAL_NULL_CONVERSION = YES;
				CLANG_WARN_OBJC_IMPLICIT_RETAIN_SELF = YES;
				CLANG_WARN_OBJC_LITERAL_CONVERSION = YES;
				CLANG_WARN_OBJC_ROOT_CLASS = YES_ERROR;
				CLANG_WARN_RANGE_LOOP_ANALYSIS = YES;
				CLANG_WARN_STRICT_PROTOTYPES = YES;
				CLANG_WARN_SUSPICIOUS_MOVE = YES;
				CLANG_WARN_UNGUARDED_AVAILABILITY = YES_AGGRESSIVE;
				CLANG_WARN_UNREACHABLE_CODE = YES;
				CLANG_WARN__DUPLICATE_METHOD_MATCH = YES;
				COPY_PHASE_STRIP = NO;
				DEBUG_INFORMATION_FORMAT = dwarf;
				ENABLE_STRICT_OBJC_MSGSEND = YES;
				ENABLE_TESTABILITY = YES;
				GCC_C_LANGUAGE_STANDARD = gnu11;
				GCC_DYNAMIC_NO_PIC = NO;
				GCC_NO_COMMON_BLOCKS = YES;
				GCC_OPTIMIZATION_LEVEL = 0;
				GCC_PREPROCESSOR_DEFINITIONS = (
					"DEBUG=1",
					"$(inherited)",
				);
				GCC_WARN_64_TO_32_BIT_CONVERSION = YES;
				GCC_WARN_ABOUT_RETURN_TYPE = YES_ERROR;
				GCC_WARN_UNDECLARED_SELECTOR = YES;
				GCC_WARN_UNINITIALIZED_AUTOS = YES_AGGRESSIVE;
				GCC_WARN_UNUSED_FUNCTION = YES;
				GCC_WARN_UNUSED_VARIABLE = YES;
				IPHONEOS_DEPLOYMENT_TARGET = 13.2;
				MTL_ENABLE_DEBUG_INFO = INCLUDE_SOURCE;
				MTL_FAST_MATH = YES;
				ONLY_ACTIVE_ARCH = YES;
				SDKROOT = iphoneos;
				SWIFT_ACTIVE_COMPILATION_CONDITIONS = DEBUG;
				SWIFT_OPTIMIZATION_LEVEL = "-Onone";
			};
			name = Debug;
		};
		3A633A722404D47B001949D8 /* Release */ = {
			isa = XCBuildConfiguration;
			buildSettings = {
				ALWAYS_SEARCH_USER_PATHS = NO;
				CLANG_ANALYZER_NONNULL = YES;
				CLANG_ANALYZER_NUMBER_OBJECT_CONVERSION = YES_AGGRESSIVE;
				CLANG_CXX_LANGUAGE_STANDARD = "gnu++14";
				CLANG_CXX_LIBRARY = "libc++";
				CLANG_ENABLE_MODULES = YES;
				CLANG_ENABLE_OBJC_ARC = YES;
				CLANG_ENABLE_OBJC_WEAK = YES;
				CLANG_WARN_BLOCK_CAPTURE_AUTORELEASING = YES;
				CLANG_WARN_BOOL_CONVERSION = YES;
				CLANG_WARN_COMMA = YES;
				CLANG_WARN_CONSTANT_CONVERSION = YES;
				CLANG_WARN_DEPRECATED_OBJC_IMPLEMENTATIONS = YES;
				CLANG_WARN_DIRECT_OBJC_ISA_USAGE = YES_ERROR;
				CLANG_WARN_DOCUMENTATION_COMMENTS = YES;
				CLANG_WARN_EMPTY_BODY = YES;
				CLANG_WARN_ENUM_CONVERSION = YES;
				CLANG_WARN_INFINITE_RECURSION = YES;
				CLANG_WARN_INT_CONVERSION = YES;
				CLANG_WARN_NON_LITERAL_NULL_CONVERSION = YES;
				CLANG_WARN_OBJC_IMPLICIT_RETAIN_SELF = YES;
				CLANG_WARN_OBJC_LITERAL_CONVERSION = YES;
				CLANG_WARN_OBJC_ROOT_CLASS = YES_ERROR;
				CLANG_WARN_RANGE_LOOP_ANALYSIS = YES;
				CLANG_WARN_STRICT_PROTOTYPES = YES;
				CLANG_WARN_SUSPICIOUS_MOVE = YES;
				CLANG_WARN_UNGUARDED_AVAILABILITY = YES_AGGRESSIVE;
				CLANG_WARN_UNREACHABLE_CODE = YES;
				CLANG_WARN__DUPLICATE_METHOD_MATCH = YES;
				COPY_PHASE_STRIP = NO;
				DEBUG_INFORMATION_FORMAT = "dwarf-with-dsym";
				ENABLE_NS_ASSERTIONS = NO;
				ENABLE_STRICT_OBJC_MSGSEND = YES;
				GCC_C_LANGUAGE_STANDARD = gnu11;
				GCC_NO_COMMON_BLOCKS = YES;
				GCC_WARN_64_TO_32_BIT_CONVERSION = YES;
				GCC_WARN_ABOUT_RETURN_TYPE = YES_ERROR;
				GCC_WARN_UNDECLARED_SELECTOR = YES;
				GCC_WARN_UNINITIALIZED_AUTOS = YES_AGGRESSIVE;
				GCC_WARN_UNUSED_FUNCTION = YES;
				GCC_WARN_UNUSED_VARIABLE = YES;
				IPHONEOS_DEPLOYMENT_TARGET = 13.2;
				MTL_ENABLE_DEBUG_INFO = NO;
				MTL_FAST_MATH = YES;
				SDKROOT = iphoneos;
				SWIFT_COMPILATION_MODE = wholemodule;
				SWIFT_OPTIMIZATION_LEVEL = "-O";
				VALIDATE_PRODUCT = YES;
			};
			name = Release;
		};
		3A633A742404D47B001949D8 /* Debug */ = {
			isa = XCBuildConfiguration;
			buildSettings = {
				ASSETCATALOG_COMPILER_APPICON_NAME = AppIcon;
				CODE_SIGN_STYLE = Automatic;
				DEVELOPMENT_TEAM = MMSJ2DXRDG;
				INFOPLIST_FILE = MoodTracker/Info.plist;
				LD_RUNPATH_SEARCH_PATHS = (
					"$(inherited)",
					"@executable_path/Frameworks",
				);
				PRODUCT_BUNDLE_IDENTIFIER = com.thecoderpilot.MoodTracker;
				PRODUCT_NAME = "$(TARGET_NAME)";
				SWIFT_VERSION = 5.0;
				TARGETED_DEVICE_FAMILY = "1,2";
			};
			name = Debug;
		};
		3A633A752404D47B001949D8 /* Release */ = {
			isa = XCBuildConfiguration;
			buildSettings = {
				ASSETCATALOG_COMPILER_APPICON_NAME = AppIcon;
				CODE_SIGN_STYLE = Automatic;
				DEVELOPMENT_TEAM = MMSJ2DXRDG;
				INFOPLIST_FILE = MoodTracker/Info.plist;
				LD_RUNPATH_SEARCH_PATHS = (
					"$(inherited)",
					"@executable_path/Frameworks",
				);
				PRODUCT_BUNDLE_IDENTIFIER = com.thecoderpilot.MoodTracker;
				PRODUCT_NAME = "$(TARGET_NAME)";
				SWIFT_VERSION = 5.0;
				TARGETED_DEVICE_FAMILY = "1,2";
			};
			name = Release;
		};
/* End XCBuildConfiguration section */

/* Begin XCConfigurationList section */
		3A633A5A2404D479001949D8 /* Build configuration list for PBXProject "MoodTracker" */ = {
			isa = XCConfigurationList;
			buildConfigurations = (
				3A633A712404D47B001949D8 /* Debug */,
				3A633A722404D47B001949D8 /* Release */,
			);
			defaultConfigurationIsVisible = 0;
			defaultConfigurationName = Release;
		};
		3A633A732404D47B001949D8 /* Build configuration list for PBXNativeTarget "MoodTracker" */ = {
			isa = XCConfigurationList;
			buildConfigurations = (
				3A633A742404D47B001949D8 /* Debug */,
				3A633A752404D47B001949D8 /* Release */,
			);
			defaultConfigurationIsVisible = 0;
			defaultConfigurationName = Release;
		};
/* End XCConfigurationList section */
	};
	rootObject = 3A633A572404D479001949D8 /* Project object */;
}
